
Microsoft Visual Studio Solution File, Format Version 12.00
# Visual Studio Version 17
VisualStudioVersion = 17.3.32611.2
MinimumVisualStudioVersion = 10.0.40219.1
Project("{9A19103F-16F7-4668-BE54-9A1E7A4F7556}") = "Miwen.Abp.Domain", "src\Miwen.Abp.Domain\Miwen.Abp.Domain.csproj", "{554AD327-6DBA-4F8F-96F8-81CE7A0C863F}"
EndProject
Project("{9A19103F-16F7-4668-BE54-9A1E7A4F7556}") = "Miwen.Abp.Application", "src\Miwen.Abp.Application\Miwen.Abp.Application.csproj", "{1A94A50E-06DC-43C1-80B5-B662820EC3EB}"
EndProject
Project("{9A19103F-16F7-4668-BE54-9A1E7A4F7556}") = "Miwen.Abp.EntityFrameworkCore", "src\Miwen.Abp.EntityFrameworkCore\Miwen.Abp.EntityFrameworkCore.csproj", "{C956DD76-69C8-4A9C-83EA-D17DF83340FD}"
EndProject
Project("{2150E333-8FDC-42A3-9474-1A3956D46DE8}") = "src", "src", "{CA9AC87F-097E-4F15-8393-4BC07735A5B0}"
EndProject
Project("{2150E333-8FDC-42A3-9474-1A3956D46DE8}") = "test", "test", "{04DBDB01-70F4-4E06-B468-8F87850B22BE}"
EndProject
Project("{9A19103F-16F7-4668-BE54-9A1E7A4F7556}") = "Miwen.Abp.Application.Tests", "test\Miwen.Abp.Application.Tests\Miwen.Abp.Application.Tests.csproj", "{50B2631D-129C-47B3-A587-029CCD6099BC}"
EndProject
Project("{9A19103F-16F7-4668-BE54-9A1E7A4F7556}") = "Miwen.Abp.Domain.Shared", "src\Miwen.Abp.Domain.Shared\Miwen.Abp.Domain.Shared.csproj", "{42F719ED-8413-4895-B5B4-5AB56079BC66}"
EndProject
Project("{9A19103F-16F7-4668-BE54-9A1E7A4F7556}") = "Miwen.Abp.Application.Contracts", "src\Miwen.Abp.Application.Contracts\Miwen.Abp.Application.Contracts.csproj", "{520659C8-C734-4298-A3DA-B539DB9DFC0B}"
EndProject
Project("{9A19103F-16F7-4668-BE54-9A1E7A4F7556}") = "Miwen.Abp.HttpApi", "src\Miwen.Abp.HttpApi\Miwen.Abp.HttpApi.csproj", "{4164BDF7-F527-4E85-9CE6-E3C2D7426A27}"
EndProject
Project("{9A19103F-16F7-4668-BE54-9A1E7A4F7556}") = "Miwen.Abp.HttpApi.Client", "src\Miwen.Abp.HttpApi.Client\Miwen.Abp.HttpApi.Client.csproj", "{3B5A0094-670D-4BB1-BFDD-61B88A8773DC}"
EndProject
Project("{9A19103F-16F7-4668-BE54-9A1E7A4F7556}") = "Miwen.Abp.EntityFrameworkCore.Tests", "test\Miwen.Abp.EntityFrameworkCore.Tests\Miwen.Abp.EntityFrameworkCore.Tests.csproj", "{1FE30EB9-74A9-47F5-A9F6-7B1FAB672D81}"
EndProject
Project("{9A19103F-16F7-4668-BE54-9A1E7A4F7556}") = "Miwen.Abp.TestBase", "test\Miwen.Abp.TestBase\Miwen.Abp.TestBase.csproj", "{91853F21-9CD9-4132-BC29-A7D5D84FFFE7}"
EndProject
Project("{9A19103F-16F7-4668-BE54-9A1E7A4F7556}") = "Miwen.Abp.Domain.Tests", "test\Miwen.Abp.Domain.Tests\Miwen.Abp.Domain.Tests.csproj", "{E512F4D9-9375-480F-A2F6-A46509F9D824}"
EndProject
Project("{9A19103F-16F7-4668-BE54-9A1E7A4F7556}") = "Miwen.Abp.HttpApi.Client.ConsoleTestApp", "test\Miwen.Abp.HttpApi.Client.ConsoleTestApp\Miwen.Abp.HttpApi.Client.ConsoleTestApp.csproj", "{EF480016-9127-4916-8735-D2466BDBC582}"
EndProject
Project("{9A19103F-16F7-4668-BE54-9A1E7A4F7556}") = "Miwen.Abp.DbMigrator", "src\Miwen.Abp.DbMigrator\Miwen.Abp.DbMigrator.csproj", "{70680696-BB1E-4383-BCB2-42C3767171FB}"
EndProject
Project("{9A19103F-16F7-4668-BE54-9A1E7A4F7556}") = "Miwen.Abp.HttpApi.Host", "src\Miwen.Abp.HttpApi.Host\Miwen.Abp.HttpApi.Host.csproj", "{96E5259E-59A3-4FAF-BCD1-5BF8E74EF82C}"
EndProject
Project("{2150E333-8FDC-42A3-9474-1A3956D46DE8}") = "Solution Items", "Solution Items", "{7FEBDEE3-C799-47C0-A970-5FE0310F1040}"
	ProjectSection(SolutionItems) = preProject
		common.props = common.props
		common.secrets.props = common.secrets.props
		configureawait.props = configureawait.props
		Directory.Build.props = Directory.Build.props
		Directory.Packages.props = Directory.Packages.props
		NuGet.Config = NuGet.Config
	EndProjectSection
EndProject
Project("{2150E333-8FDC-42A3-9474-1A3956D46DE8}") = "modules", "modules", "{54522DEC-6192-4AD9-B539-27D10EA3F367}"
EndProject
Project("{2150E333-8FDC-42A3-9474-1A3956D46DE8}") = "identity", "identity", "{0659D78D-AF20-4B8B-8D0F-745CD2E1414D}"
EndProject
Project("{9A19103F-16F7-4668-BE54-9A1E7A4F7556}") = "Miwen.Abp.Identity.Application", "modules\identity\Miwen.Abp.Identity.Application\Miwen.Abp.Identity.Application.csproj", "{11E2C479-4925-4CD4-8656-EDC7B3FC8E5D}"
EndProject
Project("{9A19103F-16F7-4668-BE54-9A1E7A4F7556}") = "Miwen.Abp.Identity.Application.Contracts", "modules\identity\Miwen.Abp.Identity.Application.Contracts\Miwen.Abp.Identity.Application.Contracts.csproj", "{41362584-D2FF-48DD-83F7-0FF67751A63C}"
EndProject
Project("{9A19103F-16F7-4668-BE54-9A1E7A4F7556}") = "Miwen.Abp.Identity.Domain", "modules\identity\Miwen.Abp.Identity.Domain\Miwen.Abp.Identity.Domain.csproj", "{8AA62368-B17C-4FF4-B548-B6E4FA53261F}"
EndProject
Project("{9A19103F-16F7-4668-BE54-9A1E7A4F7556}") = "Miwen.Abp.Identity.Domain.Shared", "modules\identity\Miwen.Abp.Identity.Domain.Shared\Miwen.Abp.Identity.Domain.Shared.csproj", "{079C8F3D-A984-4984-937E-DE4DAB9324A3}"
EndProject
Project("{9A19103F-16F7-4668-BE54-9A1E7A4F7556}") = "Miwen.Abp.Identity.EntityFrameworkCore", "modules\identity\Miwen.Abp.Identity.EntityFrameworkCore\Miwen.Abp.Identity.EntityFrameworkCore.csproj", "{6C5E64A6-D671-45B5-A386-E3B8F56ECAA6}"
EndProject
Project("{9A19103F-16F7-4668-BE54-9A1E7A4F7556}") = "Miwen.Abp.Identity.HttpApi", "modules\identity\Miwen.Abp.Identity.HttpApi\Miwen.Abp.Identity.HttpApi.csproj", "{43DB08CC-F874-4D16-9969-209820F893B1}"
EndProject
Project("{9A19103F-16F7-4668-BE54-9A1E7A4F7556}") = "Miwen.Abp.Identity.AspNetCore.Session", "modules\identity\Miwen.Abp.Identity.AspNetCore.Session\Miwen.Abp.Identity.AspNetCore.Session.csproj", "{3A3A059D-19F2-4732-8DB7-91D6E7A8C1E7}"
EndProject
Project("{9A19103F-16F7-4668-BE54-9A1E7A4F7556}") = "Miwen.Abp.Identity.Session", "modules\identity\Miwen.Abp.Identity.Session\Miwen.Abp.Identity.Session.csproj", "{7EF6E17B-0CC3-45FF-99A8-75CB268DBFF1}"
EndProject
Project("{9A19103F-16F7-4668-BE54-9A1E7A4F7556}") = "Miwen.Abp.Identity.Notifications", "modules\identity\Miwen.Abp.Identity.Notifications\Miwen.Abp.Identity.Notifications.csproj", "{57A3F73E-BC13-4203-9145-D754D54B1FA3}"
EndProject
Project("{9A19103F-16F7-4668-BE54-9A1E7A4F7556}") = "Miwen.Abp.Identity.Session.AspNetCore", "modules\identity\Miwen.Abp.Identity.Session.AspNetCore\Miwen.Abp.Identity.Session.AspNetCore.csproj", "{85A1110C-5537-4669-9A21-2005E0D2E46F}"
EndProject
Project("{2150E333-8FDC-42A3-9474-1A3956D46DE8}") = "framework", "framework", "{70597A9E-C51D-4EE9-A2B4-6F675B165FE1}"
EndProject
Project("{2150E333-8FDC-42A3-9474-1A3956D46DE8}") = "common", "common", "{8777132E-D9D1-4070-8B7A-4BCF86DC91EB}"
EndProject
Project("{9A19103F-16F7-4668-BE54-9A1E7A4F7556}") = "Miwen.Abp.IP2Region", "framework\common\Miwen.Abp.IP2Region\Miwen.Abp.IP2Region.csproj", "{8C387C9D-8E9F-4F5D-AAD3-4043BF4F81C8}"
EndProject
Project("{2150E333-8FDC-42A3-9474-1A3956D46DE8}") = "migrations", "migrations", "{0C31ADA7-E4C8-4881-92BE-59FC101D17D5}"
EndProject
Project("{2150E333-8FDC-42A3-9474-1A3956D46DE8}") = "single-project", "single-project", "{79631CB8-8A36-4EB9-BB84-5DB046DBA875}"
EndProject
Project("{FAE04EC0-301F-11D3-BF4B-00C04F79EFBC}") = "Miwen.MicroService.Applications.Single.EntityFrameworkCore", "migrations\Miwen.MicroService.Applications.Single.EntityFrameworkCore\Miwen.MicroService.Applications.Single.EntityFrameworkCore.csproj", "{C7F65E34-9CBD-43BE-9F8F-317EAE10C1F7}"
EndProject
Project("{FAE04EC0-301F-11D3-BF4B-00C04F79EFBC}") = "Miwen.MicroService.Applications.Single.DbMigrator", "migrations\Miwen.MicroService.Applications.Single.DbMigrator\Miwen.MicroService.Applications.Single.DbMigrator.csproj", "{1D3100DA-E5E2-4FDA-8711-FB33DE82B366}"
EndProject
Project("{2150E333-8FDC-42A3-9474-1A3956D46DE8}") = "openIddict", "openIddict", "{B3037C27-3F60-4641-B7A2-02AD2BDA94D8}"
EndProject
Project("{FAE04EC0-301F-11D3-BF4B-00C04F79EFBC}") = "Miwen.Abp.OpenIddict.AspNetCore", "modules\openIddict\Miwen.Abp.OpenIddict.AspNetCore\Miwen.Abp.OpenIddict.AspNetCore.csproj", "{3ECEC2D9-46C8-4F37-A2A6-A7071792A320}"
EndProject
Project("{FAE04EC0-301F-11D3-BF4B-00C04F79EFBC}") = "Miwen.Abp.OpenIddict.AspNetCore.Session", "modules\openIddict\Miwen.Abp.OpenIddict.AspNetCore.Session\Miwen.Abp.OpenIddict.AspNetCore.Session.csproj", "{69ED0952-113D-4646-B82C-3EB0EA45B8A8}"
EndProject
Project("{FAE04EC0-301F-11D3-BF4B-00C04F79EFBC}") = "Miwen.Abp.OpenIddict.Application.Contracts", "modules\openIddict\Miwen.Abp.OpenIddict.Application.Contracts\Miwen.Abp.OpenIddict.Application.Contracts.csproj", "{FD22A355-7903-4AF2-9DBF-17F350C447B7}"
EndProject
Project("{FAE04EC0-301F-11D3-BF4B-00C04F79EFBC}") = "Miwen.Abp.OpenIddict.Application", "modules\openIddict\Miwen.Abp.OpenIddict.Application\Miwen.Abp.OpenIddict.Application.csproj", "{ED5069DA-F574-403B-9A98-0B4E4CC0BBD9}"
EndProject
Project("{FAE04EC0-301F-11D3-BF4B-00C04F79EFBC}") = "Miwen.Abp.OpenIddict.HttpApi", "modules\openIddict\Miwen.Abp.OpenIddict.HttpApi\Miwen.Abp.OpenIddict.HttpApi.csproj", "{21217615-3D0C-43B0-BD1B-3CD3A78D62DB}"
EndProject
Project("{FAE04EC0-301F-11D3-BF4B-00C04F79EFBC}") = "Miwen.Abp.OpenIddict.LinkUser", "modules\openIddict\Miwen.Abp.OpenIddict.LinkUser\Miwen.Abp.OpenIddict.LinkUser.csproj", "{2FD67F38-AF3A-44F2-A38A-958E8957057B}"
EndProject
Project("{FAE04EC0-301F-11D3-BF4B-00C04F79EFBC}") = "Miwen.Abp.OpenIddict.Sms", "modules\openIddict\Miwen.Abp.OpenIddict.Sms\Miwen.Abp.OpenIddict.Sms.csproj", "{95A49FD4-4957-4C35-B8B7-180E68F30B0E}"
EndProject
Project("{FAE04EC0-301F-11D3-BF4B-00C04F79EFBC}") = "Miwen.Abp.OpenIddict.Portal", "modules\openIddict\Miwen.Abp.OpenIddict.Portal\Miwen.Abp.OpenIddict.Portal.csproj", "{E4BC5A4A-1345-495B-8F14-7E1F3DBC563B}"
EndProject
Global
	GlobalSection(SolutionConfigurationPlatforms) = preSolution
		Debug|Any CPU = Debug|Any CPU
		Release|Any CPU = Release|Any CPU
	EndGlobalSection
	GlobalSection(ProjectConfigurationPlatforms) = postSolution
		{554AD327-6DBA-4F8F-96F8-81CE7A0C863F}.Debug|Any CPU.ActiveCfg = Debug|Any CPU
		{554AD327-6DBA-4F8F-96F8-81CE7A0C863F}.Debug|Any CPU.Build.0 = Debug|Any CPU
		{554AD327-6DBA-4F8F-96F8-81CE7A0C863F}.Release|Any CPU.ActiveCfg = Release|Any CPU
		{554AD327-6DBA-4F8F-96F8-81CE7A0C863F}.Release|Any CPU.Build.0 = Release|Any CPU
		{1A94A50E-06DC-43C1-80B5-B662820EC3EB}.Debug|Any CPU.ActiveCfg = Debug|Any CPU
		{1A94A50E-06DC-43C1-80B5-B662820EC3EB}.Debug|Any CPU.Build.0 = Debug|Any CPU
		{1A94A50E-06DC-43C1-80B5-B662820EC3EB}.Release|Any CPU.ActiveCfg = Release|Any CPU
		{1A94A50E-06DC-43C1-80B5-B662820EC3EB}.Release|Any CPU.Build.0 = Release|Any CPU
		{C956DD76-69C8-4A9C-83EA-D17DF83340FD}.Debug|Any CPU.ActiveCfg = Debug|Any CPU
		{C956DD76-69C8-4A9C-83EA-D17DF83340FD}.Debug|Any CPU.Build.0 = Debug|Any CPU
		{C956DD76-69C8-4A9C-83EA-D17DF83340FD}.Release|Any CPU.ActiveCfg = Release|Any CPU
		{C956DD76-69C8-4A9C-83EA-D17DF83340FD}.Release|Any CPU.Build.0 = Release|Any CPU
		{50B2631D-129C-47B3-A587-029CCD6099BC}.Debug|Any CPU.ActiveCfg = Debug|Any CPU
		{50B2631D-129C-47B3-A587-029CCD6099BC}.Debug|Any CPU.Build.0 = Debug|Any CPU
		{50B2631D-129C-47B3-A587-029CCD6099BC}.Release|Any CPU.ActiveCfg = Release|Any CPU
		{50B2631D-129C-47B3-A587-029CCD6099BC}.Release|Any CPU.Build.0 = Release|Any CPU
		{42F719ED-8413-4895-B5B4-5AB56079BC66}.Debug|Any CPU.ActiveCfg = Debug|Any CPU
		{42F719ED-8413-4895-B5B4-5AB56079BC66}.Debug|Any CPU.Build.0 = Debug|Any CPU
		{42F719ED-8413-4895-B5B4-5AB56079BC66}.Release|Any CPU.ActiveCfg = Release|Any CPU
		{42F719ED-8413-4895-B5B4-5AB56079BC66}.Release|Any CPU.Build.0 = Release|Any CPU
		{520659C8-C734-4298-A3DA-B539DB9DFC0B}.Debug|Any CPU.ActiveCfg = Debug|Any CPU
		{520659C8-C734-4298-A3DA-B539DB9DFC0B}.Debug|Any CPU.Build.0 = Debug|Any CPU
		{520659C8-C734-4298-A3DA-B539DB9DFC0B}.Release|Any CPU.ActiveCfg = Release|Any CPU
		{520659C8-C734-4298-A3DA-B539DB9DFC0B}.Release|Any CPU.Build.0 = Release|Any CPU
		{4164BDF7-F527-4E85-9CE6-E3C2D7426A27}.Debug|Any CPU.ActiveCfg = Debug|Any CPU
		{4164BDF7-F527-4E85-9CE6-E3C2D7426A27}.Debug|Any CPU.Build.0 = Debug|Any CPU
		{4164BDF7-F527-4E85-9CE6-E3C2D7426A27}.Release|Any CPU.ActiveCfg = Release|Any CPU
		{4164BDF7-F527-4E85-9CE6-E3C2D7426A27}.Release|Any CPU.Build.0 = Release|Any CPU
		{3B5A0094-670D-4BB1-BFDD-61B88A8773DC}.Debug|Any CPU.ActiveCfg = Debug|Any CPU
		{3B5A0094-670D-4BB1-BFDD-61B88A8773DC}.Debug|Any CPU.Build.0 = Debug|Any CPU
		{3B5A0094-670D-4BB1-BFDD-61B88A8773DC}.Release|Any CPU.ActiveCfg = Release|Any CPU
		{3B5A0094-670D-4BB1-BFDD-61B88A8773DC}.Release|Any CPU.Build.0 = Release|Any CPU
		{1FE30EB9-74A9-47F5-A9F6-7B1FAB672D81}.Debug|Any CPU.ActiveCfg = Debug|Any CPU
		{1FE30EB9-74A9-47F5-A9F6-7B1FAB672D81}.Debug|Any CPU.Build.0 = Debug|Any CPU
		{1FE30EB9-74A9-47F5-A9F6-7B1FAB672D81}.Release|Any CPU.ActiveCfg = Release|Any CPU
		{1FE30EB9-74A9-47F5-A9F6-7B1FAB672D81}.Release|Any CPU.Build.0 = Release|Any CPU
		{91853F21-9CD9-4132-BC29-A7D5D84FFFE7}.Debug|Any CPU.ActiveCfg = Debug|Any CPU
		{91853F21-9CD9-4132-BC29-A7D5D84FFFE7}.Debug|Any CPU.Build.0 = Debug|Any CPU
		{91853F21-9CD9-4132-BC29-A7D5D84FFFE7}.Release|Any CPU.ActiveCfg = Release|Any CPU
		{91853F21-9CD9-4132-BC29-A7D5D84FFFE7}.Release|Any CPU.Build.0 = Release|Any CPU
		{E512F4D9-9375-480F-A2F6-A46509F9D824}.Debug|Any CPU.ActiveCfg = Debug|Any CPU
		{E512F4D9-9375-480F-A2F6-A46509F9D824}.Debug|Any CPU.Build.0 = Debug|Any CPU
		{E512F4D9-9375-480F-A2F6-A46509F9D824}.Release|Any CPU.ActiveCfg = Release|Any CPU
		{E512F4D9-9375-480F-A2F6-A46509F9D824}.Release|Any CPU.Build.0 = Release|Any CPU
		{EF480016-9127-4916-8735-D2466BDBC582}.Debug|Any CPU.ActiveCfg = Debug|Any CPU
		{EF480016-9127-4916-8735-D2466BDBC582}.Debug|Any CPU.Build.0 = Debug|Any CPU
		{EF480016-9127-4916-8735-D2466BDBC582}.Release|Any CPU.ActiveCfg = Release|Any CPU
		{EF480016-9127-4916-8735-D2466BDBC582}.Release|Any CPU.Build.0 = Release|Any CPU
		{70680696-BB1E-4383-BCB2-42C3767171FB}.Debug|Any CPU.ActiveCfg = Debug|Any CPU
		{70680696-BB1E-4383-BCB2-42C3767171FB}.Debug|Any CPU.Build.0 = Debug|Any CPU
		{70680696-BB1E-4383-BCB2-42C3767171FB}.Release|Any CPU.ActiveCfg = Release|Any CPU
		{70680696-BB1E-4383-BCB2-42C3767171FB}.Release|Any CPU.Build.0 = Release|Any CPU
		{96E5259E-59A3-4FAF-BCD1-5BF8E74EF82C}.Debug|Any CPU.ActiveCfg = Debug|Any CPU
		{96E5259E-59A3-4FAF-BCD1-5BF8E74EF82C}.Debug|Any CPU.Build.0 = Debug|Any CPU
		{96E5259E-59A3-4FAF-BCD1-5BF8E74EF82C}.Release|Any CPU.ActiveCfg = Release|Any CPU
		{96E5259E-59A3-4FAF-BCD1-5BF8E74EF82C}.Release|Any CPU.Build.0 = Release|Any CPU
		{11E2C479-4925-4CD4-8656-EDC7B3FC8E5D}.Debug|Any CPU.ActiveCfg = Debug|Any CPU
		{11E2C479-4925-4CD4-8656-EDC7B3FC8E5D}.Debug|Any CPU.Build.0 = Debug|Any CPU
		{11E2C479-4925-4CD4-8656-EDC7B3FC8E5D}.Release|Any CPU.ActiveCfg = Release|Any CPU
		{11E2C479-4925-4CD4-8656-EDC7B3FC8E5D}.Release|Any CPU.Build.0 = Release|Any CPU
		{41362584-D2FF-48DD-83F7-0FF67751A63C}.Debug|Any CPU.ActiveCfg = Debug|Any CPU
		{41362584-D2FF-48DD-83F7-0FF67751A63C}.Debug|Any CPU.Build.0 = Debug|Any CPU
		{41362584-D2FF-48DD-83F7-0FF67751A63C}.Release|Any CPU.ActiveCfg = Release|Any CPU
		{41362584-D2FF-48DD-83F7-0FF67751A63C}.Release|Any CPU.Build.0 = Release|Any CPU
		{8AA62368-B17C-4FF4-B548-B6E4FA53261F}.Debug|Any CPU.ActiveCfg = Debug|Any CPU
		{8AA62368-B17C-4FF4-B548-B6E4FA53261F}.Debug|Any CPU.Build.0 = Debug|Any CPU
		{8AA62368-B17C-4FF4-B548-B6E4FA53261F}.Release|Any CPU.ActiveCfg = Release|Any CPU
		{8AA62368-B17C-4FF4-B548-B6E4FA53261F}.Release|Any CPU.Build.0 = Release|Any CPU
		{079C8F3D-A984-4984-937E-DE4DAB9324A3}.Debug|Any CPU.ActiveCfg = Debug|Any CPU
		{079C8F3D-A984-4984-937E-DE4DAB9324A3}.Debug|Any CPU.Build.0 = Debug|Any CPU
		{079C8F3D-A984-4984-937E-DE4DAB9324A3}.Release|Any CPU.ActiveCfg = Release|Any CPU
		{079C8F3D-A984-4984-937E-DE4DAB9324A3}.Release|Any CPU.Build.0 = Release|Any CPU
		{6C5E64A6-D671-45B5-A386-E3B8F56ECAA6}.Debug|Any CPU.ActiveCfg = Debug|Any CPU
		{6C5E64A6-D671-45B5-A386-E3B8F56ECAA6}.Debug|Any CPU.Build.0 = Debug|Any CPU
		{6C5E64A6-D671-45B5-A386-E3B8F56ECAA6}.Release|Any CPU.ActiveCfg = Release|Any CPU
		{6C5E64A6-D671-45B5-A386-E3B8F56ECAA6}.Release|Any CPU.Build.0 = Release|Any CPU
		{43DB08CC-F874-4D16-9969-209820F893B1}.Debug|Any CPU.ActiveCfg = Debug|Any CPU
		{43DB08CC-F874-4D16-9969-209820F893B1}.Debug|Any CPU.Build.0 = Debug|Any CPU
		{43DB08CC-F874-4D16-9969-209820F893B1}.Release|Any CPU.ActiveCfg = Release|Any CPU
		{43DB08CC-F874-4D16-9969-209820F893B1}.Release|Any CPU.Build.0 = Release|Any CPU
		{3A3A059D-19F2-4732-8DB7-91D6E7A8C1E7}.Debug|Any CPU.ActiveCfg = Debug|Any CPU
		{3A3A059D-19F2-4732-8DB7-91D6E7A8C1E7}.Debug|Any CPU.Build.0 = Debug|Any CPU
		{3A3A059D-19F2-4732-8DB7-91D6E7A8C1E7}.Release|Any CPU.ActiveCfg = Release|Any CPU
		{3A3A059D-19F2-4732-8DB7-91D6E7A8C1E7}.Release|Any CPU.Build.0 = Release|Any CPU
		{7EF6E17B-0CC3-45FF-99A8-75CB268DBFF1}.Debug|Any CPU.ActiveCfg = Debug|Any CPU
		{7EF6E17B-0CC3-45FF-99A8-75CB268DBFF1}.Debug|Any CPU.Build.0 = Debug|Any CPU
		{7EF6E17B-0CC3-45FF-99A8-75CB268DBFF1}.Release|Any CPU.ActiveCfg = Release|Any CPU
		{7EF6E17B-0CC3-45FF-99A8-75CB268DBFF1}.Release|Any CPU.Build.0 = Release|Any CPU
		{57A3F73E-BC13-4203-9145-D754D54B1FA3}.Debug|Any CPU.ActiveCfg = Debug|Any CPU
		{57A3F73E-BC13-4203-9145-D754D54B1FA3}.Debug|Any CPU.Build.0 = Debug|Any CPU
		{57A3F73E-BC13-4203-9145-D754D54B1FA3}.Release|Any CPU.ActiveCfg = Release|Any CPU
		{57A3F73E-BC13-4203-9145-D754D54B1FA3}.Release|Any CPU.Build.0 = Release|Any CPU
		{85A1110C-5537-4669-9A21-2005E0D2E46F}.Debug|Any CPU.ActiveCfg = Debug|Any CPU
		{85A1110C-5537-4669-9A21-2005E0D2E46F}.Debug|Any CPU.Build.0 = Debug|Any CPU
		{85A1110C-5537-4669-9A21-2005E0D2E46F}.Release|Any CPU.ActiveCfg = Release|Any CPU
		{85A1110C-5537-4669-9A21-2005E0D2E46F}.Release|Any CPU.Build.0 = Release|Any CPU
		{8C387C9D-8E9F-4F5D-AAD3-4043BF4F81C8}.Debug|Any CPU.ActiveCfg = Debug|Any CPU
		{8C387C9D-8E9F-4F5D-AAD3-4043BF4F81C8}.Debug|Any CPU.Build.0 = Debug|Any CPU
		{8C387C9D-8E9F-4F5D-AAD3-4043BF4F81C8}.Release|Any CPU.ActiveCfg = Release|Any CPU
		{8C387C9D-8E9F-4F5D-AAD3-4043BF4F81C8}.Release|Any CPU.Build.0 = Release|Any CPU
		{C7F65E34-9CBD-43BE-9F8F-317EAE10C1F7}.Debug|Any CPU.ActiveCfg = Debug|Any CPU
		{C7F65E34-9CBD-43BE-9F8F-317EAE10C1F7}.Debug|Any CPU.Build.0 = Debug|Any CPU
		{C7F65E34-9CBD-43BE-9F8F-317EAE10C1F7}.Release|Any CPU.ActiveCfg = Release|Any CPU
		{C7F65E34-9CBD-43BE-9F8F-317EAE10C1F7}.Release|Any CPU.Build.0 = Release|Any CPU
		{1D3100DA-E5E2-4FDA-8711-FB33DE82B366}.Debug|Any CPU.ActiveCfg = Debug|Any CPU
		{1D3100DA-E5E2-4FDA-8711-FB33DE82B366}.Debug|Any CPU.Build.0 = Debug|Any CPU
		{1D3100DA-E5E2-4FDA-8711-FB33DE82B366}.Release|Any CPU.ActiveCfg = Release|Any CPU
		{1D3100DA-E5E2-4FDA-8711-FB33DE82B366}.Release|Any CPU.Build.0 = Release|Any CPU
		{3ECEC2D9-46C8-4F37-A2A6-A7071792A320}.Debug|Any CPU.ActiveCfg = Debug|Any CPU
		{3ECEC2D9-46C8-4F37-A2A6-A7071792A320}.Debug|Any CPU.Build.0 = Debug|Any CPU
		{3ECEC2D9-46C8-4F37-A2A6-A7071792A320}.Release|Any CPU.ActiveCfg = Release|Any CPU
		{3ECEC2D9-46C8-4F37-A2A6-A7071792A320}.Release|Any CPU.Build.0 = Release|Any CPU
		{69ED0952-113D-4646-B82C-3EB0EA45B8A8}.Debug|Any CPU.ActiveCfg = Debug|Any CPU
		{69ED0952-113D-4646-B82C-3EB0EA45B8A8}.Debug|Any CPU.Build.0 = Debug|Any CPU
		{69ED0952-113D-4646-B82C-3EB0EA45B8A8}.Release|Any CPU.ActiveCfg = Release|Any CPU
		{69ED0952-113D-4646-B82C-3EB0EA45B8A8}.Release|Any CPU.Build.0 = Release|Any CPU
		{FD22A355-7903-4AF2-9DBF-17F350C447B7}.Debug|Any CPU.ActiveCfg = Debug|Any CPU
		{FD22A355-7903-4AF2-9DBF-17F350C447B7}.Debug|Any CPU.Build.0 = Debug|Any CPU
		{FD22A355-7903-4AF2-9DBF-17F350C447B7}.Release|Any CPU.ActiveCfg = Release|Any CPU
		{FD22A355-7903-4AF2-9DBF-17F350C447B7}.Release|Any CPU.Build.0 = Release|Any CPU
		{ED5069DA-F574-403B-9A98-0B4E4CC0BBD9}.Debug|Any CPU.ActiveCfg = Debug|Any CPU
		{ED5069DA-F574-403B-9A98-0B4E4CC0BBD9}.Debug|Any CPU.Build.0 = Debug|Any CPU
		{ED5069DA-F574-403B-9A98-0B4E4CC0BBD9}.Release|Any CPU.ActiveCfg = Release|Any CPU
		{ED5069DA-F574-403B-9A98-0B4E4CC0BBD9}.Release|Any CPU.Build.0 = Release|Any CPU
		{21217615-3D0C-43B0-BD1B-3CD3A78D62DB}.Debug|Any CPU.ActiveCfg = Debug|Any CPU
		{21217615-3D0C-43B0-BD1B-3CD3A78D62DB}.Debug|Any CPU.Build.0 = Debug|Any CPU
		{21217615-3D0C-43B0-BD1B-3CD3A78D62DB}.Release|Any CPU.ActiveCfg = Release|Any CPU
		{21217615-3D0C-43B0-BD1B-3CD3A78D62DB}.Release|Any CPU.Build.0 = Release|Any CPU
		{2FD67F38-AF3A-44F2-A38A-958E8957057B}.Debug|Any CPU.ActiveCfg = Debug|Any CPU
		{2FD67F38-AF3A-44F2-A38A-958E8957057B}.Debug|Any CPU.Build.0 = Debug|Any CPU
		{2FD67F38-AF3A-44F2-A38A-958E8957057B}.Release|Any CPU.ActiveCfg = Release|Any CPU
		{2FD67F38-AF3A-44F2-A38A-958E8957057B}.Release|Any CPU.Build.0 = Release|Any CPU
		{95A49FD4-4957-4C35-B8B7-180E68F30B0E}.Debug|Any CPU.ActiveCfg = Debug|Any CPU
		{95A49FD4-4957-4C35-B8B7-180E68F30B0E}.Debug|Any CPU.Build.0 = Debug|Any CPU
		{95A49FD4-4957-4C35-B8B7-180E68F30B0E}.Release|Any CPU.ActiveCfg = Release|Any CPU
		{95A49FD4-4957-4C35-B8B7-180E68F30B0E}.Release|Any CPU.Build.0 = Release|Any CPU
		{E4BC5A4A-1345-495B-8F14-7E1F3DBC563B}.Debug|Any CPU.ActiveCfg = Debug|Any CPU
		{E4BC5A4A-1345-495B-8F14-7E1F3DBC563B}.Debug|Any CPU.Build.0 = Debug|Any CPU
		{E4BC5A4A-1345-495B-8F14-7E1F3DBC563B}.Release|Any CPU.ActiveCfg = Release|Any CPU
		{E4BC5A4A-1345-495B-8F14-7E1F3DBC563B}.Release|Any CPU.Build.0 = Release|Any CPU
	EndGlobalSection
	GlobalSection(SolutionProperties) = preSolution
		HideSolutionNode = FALSE
	EndGlobalSection
	GlobalSection(NestedProjects) = preSolution
		{554AD327-6DBA-4F8F-96F8-81CE7A0C863F} = {CA9AC87F-097E-4F15-8393-4BC07735A5B0}
		{1A94A50E-06DC-43C1-80B5-B662820EC3EB} = {CA9AC87F-097E-4F15-8393-4BC07735A5B0}
		{C956DD76-69C8-4A9C-83EA-D17DF83340FD} = {CA9AC87F-097E-4F15-8393-4BC07735A5B0}
		{50B2631D-129C-47B3-A587-029CCD6099BC} = {04DBDB01-70F4-4E06-B468-8F87850B22BE}
		{42F719ED-8413-4895-B5B4-5AB56079BC66} = {CA9AC87F-097E-4F15-8393-4BC07735A5B0}
		{520659C8-C734-4298-A3DA-B539DB9DFC0B} = {CA9AC87F-097E-4F15-8393-4BC07735A5B0}
		{4164BDF7-F527-4E85-9CE6-E3C2D7426A27} = {CA9AC87F-097E-4F15-8393-4BC07735A5B0}
		{3B5A0094-670D-4BB1-BFDD-61B88A8773DC} = {CA9AC87F-097E-4F15-8393-4BC07735A5B0}
		{1FE30EB9-74A9-47F5-A9F6-7B1FAB672D81} = {04DBDB01-70F4-4E06-B468-8F87850B22BE}
		{91853F21-9CD9-4132-BC29-A7D5D84FFFE7} = {04DBDB01-70F4-4E06-B468-8F87850B22BE}
		{E512F4D9-9375-480F-A2F6-A46509F9D824} = {04DBDB01-70F4-4E06-B468-8F87850B22BE}
		{EF480016-9127-4916-8735-D2466BDBC582} = {04DBDB01-70F4-4E06-B468-8F87850B22BE}
		{70680696-BB1E-4383-BCB2-42C3767171FB} = {CA9AC87F-097E-4F15-8393-4BC07735A5B0}
		{96E5259E-59A3-4FAF-BCD1-5BF8E74EF82C} = {CA9AC87F-097E-4F15-8393-4BC07735A5B0}
		{0659D78D-AF20-4B8B-8D0F-745CD2E1414D} = {54522DEC-6192-4AD9-B539-27D10EA3F367}
		{11E2C479-4925-4CD4-8656-EDC7B3FC8E5D} = {0659D78D-AF20-4B8B-8D0F-745CD2E1414D}
		{41362584-D2FF-48DD-83F7-0FF67751A63C} = {0659D78D-AF20-4B8B-8D0F-745CD2E1414D}
		{8AA62368-B17C-4FF4-B548-B6E4FA53261F} = {0659D78D-AF20-4B8B-8D0F-745CD2E1414D}
		{079C8F3D-A984-4984-937E-DE4DAB9324A3} = {0659D78D-AF20-4B8B-8D0F-745CD2E1414D}
		{6C5E64A6-D671-45B5-A386-E3B8F56ECAA6} = {0659D78D-AF20-4B8B-8D0F-745CD2E1414D}
		{43DB08CC-F874-4D16-9969-209820F893B1} = {0659D78D-AF20-4B8B-8D0F-745CD2E1414D}
		{3A3A059D-19F2-4732-8DB7-91D6E7A8C1E7} = {0659D78D-AF20-4B8B-8D0F-745CD2E1414D}
		{7EF6E17B-0CC3-45FF-99A8-75CB268DBFF1} = {0659D78D-AF20-4B8B-8D0F-745CD2E1414D}
		{57A3F73E-BC13-4203-9145-D754D54B1FA3} = {0659D78D-AF20-4B8B-8D0F-745CD2E1414D}
		{85A1110C-5537-4669-9A21-2005E0D2E46F} = {0659D78D-AF20-4B8B-8D0F-745CD2E1414D}
		{8777132E-D9D1-4070-8B7A-4BCF86DC91EB} = {70597A9E-C51D-4EE9-A2B4-6F675B165FE1}
		{8C387C9D-8E9F-4F5D-AAD3-4043BF4F81C8} = {8777132E-D9D1-4070-8B7A-4BCF86DC91EB}
		{79631CB8-8A36-4EB9-BB84-5DB046DBA875} = {0C31ADA7-E4C8-4881-92BE-59FC101D17D5}
		{C7F65E34-9CBD-43BE-9F8F-317EAE10C1F7} = {79631CB8-8A36-4EB9-BB84-5DB046DBA875}
		{1D3100DA-E5E2-4FDA-8711-FB33DE82B366} = {79631CB8-8A36-4EB9-BB84-5DB046DBA875}
		{B3037C27-3F60-4641-B7A2-02AD2BDA94D8} = {54522DEC-6192-4AD9-B539-27D10EA3F367}
		{3ECEC2D9-46C8-4F37-A2A6-A7071792A320} = {B3037C27-3F60-4641-B7A2-02AD2BDA94D8}
		{69ED0952-113D-4646-B82C-3EB0EA45B8A8} = {B3037C27-3F60-4641-B7A2-02AD2BDA94D8}
		{FD22A355-7903-4AF2-9DBF-17F350C447B7} = {B3037C27-3F60-4641-B7A2-02AD2BDA94D8}
		{ED5069DA-F574-403B-9A98-0B4E4CC0BBD9} = {B3037C27-3F60-4641-B7A2-02AD2BDA94D8}
		{21217615-3D0C-43B0-BD1B-3CD3A78D62DB} = {B3037C27-3F60-4641-B7A2-02AD2BDA94D8}
		{2FD67F38-AF3A-44F2-A38A-958E8957057B} = {B3037C27-3F60-4641-B7A2-02AD2BDA94D8}
		{95A49FD4-4957-4C35-B8B7-180E68F30B0E} = {B3037C27-3F60-4641-B7A2-02AD2BDA94D8}
		{E4BC5A4A-1345-495B-8F14-7E1F3DBC563B} = {B3037C27-3F60-4641-B7A2-02AD2BDA94D8}
	EndGlobalSection
	GlobalSection(ExtensibilityGlobals) = postSolution
		SolutionGuid = {28315BFD-90E7-4E14-A2EA-F3D23AF4126F}
	EndGlobalSection
EndGlobal
